
Microsoft Visual Studio Solution File, Format Version 12.00
# Visual Studio Version 17
VisualStudioVersion = 17.8.34330.188
MinimumVisualStudioVersion = 10.0.40219.1
Project("{9A19103F-16F7-4668-BE54-9A1E7A4F7556}") = "AlienCharBuilderLogic", "AlienCharBuilderLogic\AlienCharBuilderLogic.csproj", "{1E73ABE5-FB4C-4C99-8FFD-2AB067C70EF5}"
EndProject
Project("{FAE04EC0-301F-11D3-BF4B-00C04F79EFBC}") = "TestUI", "TestUI\TestUI.csproj", "{31443E90-BFCF-42AF-9BFF-4BD1F3373E3D}"
EndProject
Global
	GlobalSection(SolutionConfigurationPlatforms) = preSolution
		Debug|Any CPU = Debug|Any CPU
		Release|Any CPU = Release|Any CPU
	EndGlobalSection
	GlobalSection(ProjectConfigurationPlatforms) = postSolution
		{1E73ABE5-FB4C-4C99-8FFD-2AB067C70EF5}.Debug|Any CPU.ActiveCfg = Debug|Any CPU
		{1E73ABE5-FB4C-4C99-8FFD-2AB067C70EF5}.Debug|Any CPU.Build.0 = Debug|Any CPU
		{1E73ABE5-FB4C-4C99-8FFD-2AB067C70EF5}.Release|Any CPU.ActiveCfg = Release|Any CPU
		{1E73ABE5-FB4C-4C99-8FFD-2AB067C70EF5}.Release|Any CPU.Build.0 = Release|Any CPU
		{31443E90-BFCF-42AF-9BFF-4BD1F3373E3D}.Debug|Any CPU.ActiveCfg = Debug|Any CPU
		{31443E90-BFCF-42AF-9BFF-4BD1F3373E3D}.Debug|Any CPU.Build.0 = Debug|Any CPU
		{31443E90-BFCF-42AF-9BFF-4BD1F3373E3D}.Release|Any CPU.ActiveCfg = Release|Any CPU
		{31443E90-BFCF-42AF-9BFF-4BD1F3373E3D}.Release|Any CPU.Build.0 = Release|Any CPU
	EndGlobalSection
	GlobalSection(SolutionProperties) = preSolution
		HideSolutionNode = FALSE
	EndGlobalSection
	GlobalSection(ExtensibilityGlobals) = postSolution
		SolutionGuid = {A5B86D60-9BA2-436B-B80C-B3AA14F35C9D}
	EndGlobalSection
EndGlobal
